
Microsoft Visual Studio Solution File, Format Version 12.00
# Visual Studio Version 17
VisualStudioVersion = 17.3.32811.315
MinimumVisualStudioVersion = 10.0.40219.1
Project("{9A19103F-16F7-4668-BE54-9A1E7A4F7556}") = "ServerApp", "ServerApp\ServerApp.csproj", "{FC285236-9304-418E-819F-57005F92B9CD}"
EndProject
Global
	GlobalSection(SolutionConfigurationPlatforms) = preSolution
		Debug|Any CPU = Debug|Any CPU
		Release|Any CPU = Release|Any CPU
	EndGlobalSection
	GlobalSection(ProjectConfigurationPlatforms) = postSolution
		{FC285236-9304-418E-819F-57005F92B9CD}.Debug|Any CPU.ActiveCfg = Debug|Any CPU
		{FC285236-9304-418E-819F-57005F92B9CD}.Debug|Any CPU.Build.0 = Debug|Any CPU
		{FC285236-9304-418E-819F-57005F92B9CD}.Release|Any CPU.ActiveCfg = Release|Any CPU
		{FC285236-9304-418E-819F-57005F92B9CD}.Release|Any CPU.Build.0 = Release|Any CPU
	EndGlobalSection
	GlobalSection(SolutionProperties) = preSolution
		HideSolutionNode = FALSE
	EndGlobalSection
	GlobalSection(ExtensibilityGlobals) = postSolution
		SolutionGuid = {D2830424-F650-4BC2-93CA-0DF4BDF66656}
	EndGlobalSection
EndGlobal
